<?xml version="1.0" encoding="utf-8"?>
<Project ToolsVersion="4.0" xmlns="http://schemas.microsoft.com/developer/msbuild/2003">
  <ItemGroup>
    <Filter Include="Source Files">
      <UniqueIdentifier>{4FC737F1-C7A5-4376-A066-2A32D752A2FF}</UniqueIdentifier>
      <Extensions>cpp;c;cc;cxx;def;odl;idl;hpj;bat;asm;asmx</Extensions>
    </Filter>
    <Filter Include="Header Files">
      <UniqueIdentifier>{93995380-89BD-4b04-88EB-625FBE52EBFB}</UniqueIdentifier>
      <Extensions>h;hpp;hxx;hm;inl;inc;xsd</Extensions>
    </Filter>
    <Filter Include="Resource Files">
      <UniqueIdentifier>{67DA6AB6-F800-4c08-8B7A-83BB121AAD01}</UniqueIdentifier>
      <Extensions>rc;ico;cur;bmp;dlg;rc2;rct;bin;rgs;gif;jpg;jpeg;jpe;resx;tiff;tif;png;wav;mfcribbon-ms</Extensions>
    </Filter>
  </ItemGroup>
  <ItemGroup>
    <CustomBuild Include="..\..\..\..\java\com\aphysci\gravity\protobuf\ComponentDataLookupResponseContainer.java">
      <Filter>Source Files</Filter>
    </CustomBuild>
    <CustomBuild Include="..\..\..\..\java\com\aphysci\gravity\protobuf\ComponentLookupRequestContainer.java">
      <Filter>Source Files</Filter>
    </CustomBuild>
    <CustomBuild Include="..\..\..\..\java\com\aphysci\gravity\protobuf\ComponentServiceLookupResponseContainer.java">
      <Filter>Source Files</Filter>
    </CustomBuild>
    <CustomBuild Include="..\..\..\..\java\com\aphysci\gravity\protobuf\GravityDataProductContainer.java">
      <Filter>Source Files</Filter>
    </CustomBuild>
    <CustomBuild Include="..\..\..\..\java\com\aphysci\gravity\protobuf\GravityLogMessageContainer.java">
      <Filter>Source Files</Filter>
    </CustomBuild>
    <CustomBuild Include="..\..\..\..\java\com\aphysci\gravity\protobuf\GravityMetricsDataContainer.java">
      <Filter>Source Files</Filter>
    </CustomBuild>
    <CustomBuild Include="..\..\..\..\java\com\aphysci\gravity\protobuf\ServiceDirectoryRegistrationContainer.java">
      <Filter>Source Files</Filter>
    </CustomBuild>
    <CustomBuild Include="..\..\..\..\java\com\aphysci\gravity\protobuf\ServiceDirectoryResponseContainer.java">
      <Filter>Source Files</Filter>
    </CustomBuild>
    <CustomBuild Include="..\..\..\..\java\com\aphysci\gravity\protobuf\ServiceDirectoryUnregistrationContainer.java">
      <Filter>Source Files</Filter>
    </CustomBuild>
    <CustomBuild Include="..\..\..\..\java\com\aphysci\gravity\swig\CPPGravityHeartbeatListener.java">
      <Filter>Source Files</Filter>
    </CustomBuild>
    <CustomBuild Include="..\..\..\..\java\com\aphysci\gravity\swig\CPPGravityLogger.java">
      <Filter>Source Files</Filter>
    </CustomBuild>
    <CustomBuild Include="..\..\..\..\java\com\aphysci\gravity\swig\CPPGravityRequestor.java">
      <Filter>Source Files</Filter>
    </CustomBuild>
    <CustomBuild Include="..\..\..\..\java\com\aphysci\gravity\swig\CPPGravityServiceProvider.java">
      <Filter>Source Files</Filter>
    </CustomBuild>
    <CustomBuild Include="..\..\..\..\java\com\aphysci\gravity\swig\CPPGravitySubscriber.java">
      <Filter>Source Files</Filter>
    </CustomBuild>
    <CustomBuild Include="..\..\..\..\java\com\aphysci\gravity\swig\gravity.java">
      <Filter>Source Files</Filter>
    </CustomBuild>
    <CustomBuild Include="..\..\..\..\java\com\aphysci\gravity\swig\gravityConstants.java">
      <Filter>Source Files</Filter>
    </CustomBuild>
    <CustomBuild Include="..\..\..\..\java\com\aphysci\gravity\swig\gravityJNI.java">
      <Filter>Source Files</Filter>
    </CustomBuild>
    <CustomBuild Include="..\..\..\..\java\com\aphysci\gravity\swig\GravityNode.java">
      <Filter>Source Files</Filter>
    </CustomBuild>
    <CustomBuild Include="..\..\..\..\java\com\aphysci\gravity\swig\GravityReturnCode.java">
      <Filter>Source Files</Filter>
    </CustomBuild>
    <CustomBuild Include="..\..\..\..\java\com\aphysci\gravity\swig\GravityTransportType.java">
      <Filter>Source Files</Filter>
    </CustomBuild>
    <CustomBuild Include="..\..\..\..\java\com\aphysci\gravity\swig\Log.java">
      <Filter>Source Files</Filter>
    </CustomBuild>
    <CustomBuild Include="..\..\..\..\java\com\aphysci\gravity\GravityDataProduct.java">
      <Filter>Source Files</Filter>
    </CustomBuild>
    <CustomBuild Include="..\..\..\..\java\com\aphysci\gravity\GravityHeartbeatListener.java">
      <Filter>Source Files</Filter>
    </CustomBuild>
    <CustomBuild Include="..\..\..\..\java\com\aphysci\gravity\GravityRequestor.java">
      <Filter>Source Files</Filter>
    </CustomBuild>
    <CustomBuild Include="..\..\..\..\java\com\aphysci\gravity\GravityServiceProvider.java">
      <Filter>Source Files</Filter>
    </CustomBuild>
    <CustomBuild Include="..\..\..\..\java\com\aphysci\gravity\GravitySubscriber.java">
      <Filter>Source Files</Filter>
    </CustomBuild>
    <CustomBuild Include="..\..\..\..\java\com\aphysci\gravity\Logger.java">
      <Filter>Source Files</Filter>
    </CustomBuild>
  </ItemGroup>
</Project>